
Microsoft Visual Studio Solution File, Format Version 12.00
# Visual Studio Version 16
VisualStudioVersion = 16.0.31129.286
MinimumVisualStudioVersion = 10.0.40219.1
Project("{FAE04EC0-301F-11D3-BF4B-00C04F79EFBC}") = "LINQProject", "LINQProject\LINQProject.csproj", "{88F6972A-99A1-4235-AFF7-25462A95BCB7}"
EndProject
Global
	GlobalSection(SolutionConfigurationPlatforms) = preSolution
		Debug|Any CPU = Debug|Any CPU
		Release|Any CPU = Release|Any CPU
	EndGlobalSection
	GlobalSection(ProjectConfigurationPlatforms) = postSolution
		{88F6972A-99A1-4235-AFF7-25462A95BCB7}.Debug|Any CPU.ActiveCfg = Debug|Any CPU
		{88F6972A-99A1-4235-AFF7-25462A95BCB7}.Debug|Any CPU.Build.0 = Debug|Any CPU
		{88F6972A-99A1-4235-AFF7-25462A95BCB7}.Release|Any CPU.ActiveCfg = Release|Any CPU
		{88F6972A-99A1-4235-AFF7-25462A95BCB7}.Release|Any CPU.Build.0 = Release|Any CPU
	EndGlobalSection
	GlobalSection(SolutionProperties) = preSolution
		HideSolutionNode = FALSE
	EndGlobalSection
	GlobalSection(ExtensibilityGlobals) = postSolution
		SolutionGuid = {56A5AE85-9AFB-4C39-B0B5-A5CF18C797AC}
	EndGlobalSection
EndGlobal
